// !$*UTF8*$!
{
	archiveVersion = 1;
	classes = {
	};
	objectVersion = 55;
	objects = {

/* Begin PBXBuildFile section */
		43801D1B28BE633D001C2048 /* SwiftUIBamMiniPlayerApp.swift in Sources */ = {isa = PBXBuildFile; fileRef = 43801D1A28BE633D001C2048 /* SwiftUIBamMiniPlayerApp.swift */; };
		43801D1D28BE633D001C2048 /* ContentView.swift in Sources */ = {isa = PBXBuildFile; fileRef = 43801D1C28BE633D001C2048 /* ContentView.swift */; };
		43801D1F28BE633F001C2048 /* Assets.xcassets in Resources */ = {isa = PBXBuildFile; fileRef = 43801D1E28BE633F001C2048 /* Assets.xcassets */; };
		43801D2228BE633F001C2048 /* Preview Assets.xcassets in Resources */ = {isa = PBXBuildFile; fileRef = 43801D2128BE633F001C2048 /* Preview Assets.xcassets */; };
		43801D2A28BE64AD001C2048 /* PlayerWebView.swift in Sources */ = {isa = PBXBuildFile; fileRef = 43801D2928BE64AD001C2048 /* PlayerWebView.swift */; };
		43801D2C28BFEE82001C2048 /* Constant.swift in Sources */ = {isa = PBXBuildFile; fileRef = 43801D2B28BFEE82001C2048 /* Constant.swift */; };
		43801D3328C0F2DE001C2048 /* player.html in Resources */ = {isa = PBXBuildFile; fileRef = 43801D3228C0F2DE001C2048 /* player.html */; };
		43801D3528C1469B001C2048 /* PlayerView.swift in Sources */ = {isa = PBXBuildFile; fileRef = 43801D3428C1469B001C2048 /* PlayerView.swift */; };
/* End PBXBuildFile section */

/* Begin PBXFileReference section */
		43801D1728BE633D001C2048 /* SwiftUIBamMiniPlayer.app */ = {isa = PBXFileReference; explicitFileType = wrapper.application; includeInIndex = 0; path = SwiftUIBamMiniPlayer.app; sourceTree = BUILT_PRODUCTS_DIR; };
		43801D1A28BE633D001C2048 /* SwiftUIBamMiniPlayerApp.swift */ = {isa = PBXFileReference; lastKnownFileType = sourcecode.swift; path = SwiftUIBamMiniPlayerApp.swift; sourceTree = "<group>"; };
		43801D1C28BE633D001C2048 /* ContentView.swift */ = {isa = PBXFileReference; lastKnownFileType = sourcecode.swift; path = ContentView.swift; sourceTree = "<group>"; };
		43801D1E28BE633F001C2048 /* Assets.xcassets */ = {isa = PBXFileReference; lastKnownFileType = folder.assetcatalog; path = Assets.xcassets; sourceTree = "<group>"; };
		43801D2128BE633F001C2048 /* Preview Assets.xcassets */ = {isa = PBXFileReference; lastKnownFileType = folder.assetcatalog; path = "Preview Assets.xcassets"; sourceTree = "<group>"; };
		43801D2928BE64AD001C2048 /* PlayerWebView.swift */ = {isa = PBXFileReference; lastKnownFileType = sourcecode.swift; path = PlayerWebView.swift; sourceTree = "<group>"; };
		43801D2B28BFEE82001C2048 /* Constant.swift */ = {isa = PBXFileReference; lastKnownFileType = sourcecode.swift; path = Constant.swift; sourceTree = "<group>"; };
		43801D3228C0F2DE001C2048 /* player.html */ = {isa = PBXFileReference; fileEncoding = 4; lastKnownFileType = text.html; path = player.html; sourceTree = "<group>"; };
		43801D3428C1469B001C2048 /* PlayerView.swift */ = {isa = PBXFileReference; lastKnownFileType = sourcecode.swift; path = PlayerView.swift; sourceTree = "<group>"; };
/* End PBXFileReference section */

/* Begin PBXFrameworksBuildPhase section */
		43801D1428BE633D001C2048 /* Frameworks */ = {
			isa = PBXFrameworksBuildPhase;
			buildActionMask = 2147483647;
			files = (
			);
			runOnlyForDeploymentPostprocessing = 0;
		};
/* End PBXFrameworksBuildPhase section */

/* Begin PBXGroup section */
		43801D0E28BE633D001C2048 = {
			isa = PBXGroup;
			children = (
				43801D1928BE633D001C2048 /* SwiftUIBamMiniPlayer */,
				43801D1828BE633D001C2048 /* Products */,
			);
			sourceTree = "<group>";
		};
		43801D1828BE633D001C2048 /* Products */ = {
			isa = PBXGroup;
			children = (
				43801D1728BE633D001C2048 /* SwiftUIBamMiniPlayer.app */,
			);
			name = Products;
			sourceTree = "<group>";
		};
		43801D1928BE633D001C2048 /* SwiftUIBamMiniPlayer */ = {
			isa = PBXGroup;
			children = (
				43801D1A28BE633D001C2048 /* SwiftUIBamMiniPlayerApp.swift */,
				43801D3128C0F2CF001C2048 /* html */,
				43801D2D28BFEEF0001C2048 /* Utilities */,
				43801D2E28BFEEFC001C2048 /* Views */,
				43801D1E28BE633F001C2048 /* Assets.xcassets */,
				43801D2028BE633F001C2048 /* Preview Content */,
			);
			path = SwiftUIBamMiniPlayer;
			sourceTree = "<group>";
		};
		43801D2028BE633F001C2048 /* Preview Content */ = {
			isa = PBXGroup;
			children = (
				43801D2128BE633F001C2048 /* Preview Assets.xcassets */,
			);
			path = "Preview Content";
			sourceTree = "<group>";
		};
		43801D2D28BFEEF0001C2048 /* Utilities */ = {
			isa = PBXGroup;
			children = (
				43801D2B28BFEE82001C2048 /* Constant.swift */,
			);
			path = Utilities;
			sourceTree = "<group>";
		};
		43801D2E28BFEEFC001C2048 /* Views */ = {
			isa = PBXGroup;
			children = (
				43801D1C28BE633D001C2048 /* ContentView.swift */,
				43801D3428C1469B001C2048 /* PlayerView.swift */,
				43801D2928BE64AD001C2048 /* PlayerWebView.swift */,
			);
			path = Views;
			sourceTree = "<group>";
		};
		43801D3128C0F2CF001C2048 /* html */ = {
			isa = PBXGroup;
			children = (
				43801D3228C0F2DE001C2048 /* player.html */,
			);
			path = html;
			sourceTree = "<group>";
		};
/* End PBXGroup section */

/* Begin PBXNativeTarget section */
		43801D1628BE633D001C2048 /* SwiftUIBamMiniPlayer */ = {
			isa = PBXNativeTarget;
			buildConfigurationList = 43801D2528BE633F001C2048 /* Build configuration list for PBXNativeTarget "SwiftUIBamMiniPlayer" */;
			buildPhases = (
				43801D1328BE633D001C2048 /* Sources */,
				43801D1428BE633D001C2048 /* Frameworks */,
				43801D1528BE633D001C2048 /* Resources */,
			);
			buildRules = (
			);
			dependencies = (
			);
			name = SwiftUIBamMiniPlayer;
			productName = SwiftUIBamMiniPlayer;
			productReference = 43801D1728BE633D001C2048 /* SwiftUIBamMiniPlayer.app */;
			productType = "com.apple.product-type.application";
		};
/* End PBXNativeTarget section */

/* Begin PBXProject section */
		43801D0F28BE633D001C2048 /* Project object */ = {
			isa = PBXProject;
			attributes = {
				BuildIndependentTargetsInParallel = 1;
				LastSwiftUpdateCheck = 1330;
				LastUpgradeCheck = 1330;
				TargetAttributes = {
					43801D1628BE633D001C2048 = {
						CreatedOnToolsVersion = 13.3.1;
					};
				};
			};
			buildConfigurationList = 43801D1228BE633D001C2048 /* Build configuration list for PBXProject "SwiftUIBamMiniPlayer" */;
			compatibilityVersion = "Xcode 13.0";
			developmentRegion = en;
			hasScannedForEncodings = 0;
			knownRegions = (
				en,
				Base,
			);
			mainGroup = 43801D0E28BE633D001C2048;
			productRefGroup = 43801D1828BE633D001C2048 /* Products */;
			projectDirPath = "";
			projectRoot = "";
			targets = (
				43801D1628BE633D001C2048 /* SwiftUIBamMiniPlayer */,
			);
		};
/* End PBXProject section */

/* Begin PBXResourcesBuildPhase section */
		43801D1528BE633D001C2048 /* Resources */ = {
			isa = PBXResourcesBuildPhase;
			buildActionMask = 2147483647;
			files = (
				43801D3328C0F2DE001C2048 /* player.html in Resources */,
				43801D2228BE633F001C2048 /* Preview Assets.xcassets in Resources */,
				43801D1F28BE633F001C2048 /* Assets.xcassets in Resources */,
			);
			runOnlyForDeploymentPostprocessing = 0;
		};
/* End PBXResourcesBuildPhase section */

/* Begin PBXSourcesBuildPhase section */
		43801D1328BE633D001C2048 /* Sources */ = {
			isa = PBXSourcesBuildPhase;
			buildActionMask = 2147483647;
			files = (
				43801D2A28BE64AD001C2048 /* PlayerWebView.swift in Sources */,
				43801D1D28BE633D001C2048 /* ContentView.swift in Sources */,
				43801D1B28BE633D001C2048 /* SwiftUIBamMiniPlayerApp.swift in Sources */,
				43801D3528C1469B001C2048 /* PlayerView.swift in Sources */,
				43801D2C28BFEE82001C2048 /* Constant.swift in Sources */,
			);
			runOnlyForDeploymentPostprocessing = 0;
		};
/* End PBXSourcesBuildPhase section */

/* Begin XCBuildConfiguration section */
		43801D2328BE633F001C2048 /* Debug */ = {
			isa = XCBuildConfiguration;
			buildSettings = {
				ALWAYS_SEARCH_USER_PATHS = NO;
				CLANG_ANALYZER_NONNULL = YES;
				CLANG_ANALYZER_NUMBER_OBJECT_CONVERSION = YES_AGGRESSIVE;
				CLANG_CXX_LANGUAGE_STANDARD = "gnu++17";
				CLANG_ENABLE_MODULES = YES;
				CLANG_ENABLE_OBJC_ARC = YES;
				CLANG_ENABLE_OBJC_WEAK = YES;
				CLANG_WARN_BLOCK_CAPTURE_AUTORELEASING = YES;
				CLANG_WARN_BOOL_CONVERSION = YES;
				CLANG_WARN_COMMA = YES;
				CLANG_WARN_CONSTANT_CONVERSION = YES;
				CLANG_WARN_DEPRECATED_OBJC_IMPLEMENTATIONS = YES;
				CLANG_WARN_DIRECT_OBJC_ISA_USAGE = YES_ERROR;
				CLANG_WARN_DOCUMENTATION_COMMENTS = YES;
				CLANG_WARN_EMPTY_BODY = YES;
				CLANG_WARN_ENUM_CONVERSION = YES;
				CLANG_WARN_INFINITE_RECURSION = YES;
				CLANG_WARN_INT_CONVERSION = YES;
				CLANG_WARN_NON_LITERAL_NULL_CONVERSION = YES;
				CLANG_WARN_OBJC_IMPLICIT_RETAIN_SELF = YES;
				CLANG_WARN_OBJC_LITERAL_CONVERSION = YES;
				CLANG_WARN_OBJC_ROOT_CLASS = YES_ERROR;
				CLANG_WARN_QUOTED_INCLUDE_IN_FRAMEWORK_HEADER = YES;
				CLANG_WARN_RANGE_LOOP_ANALYSIS = YES;
				CLANG_WARN_STRICT_PROTOTYPES = YES;
				CLANG_WARN_SUSPICIOUS_MOVE = YES;
				CLANG_WARN_UNGUARDED_AVAILABILITY = YES_AGGRESSIVE;
				CLANG_WARN_UNREACHABLE_CODE = YES;
				CLANG_WARN__DUPLICATE_METHOD_MATCH = YES;
				COPY_PHASE_STRIP = NO;
				DEBUG_INFORMATION_FORMAT = dwarf;
				ENABLE_STRICT_OBJC_MSGSEND = YES;
				ENABLE_TESTABILITY = YES;
				GCC_C_LANGUAGE_STANDARD = gnu11;
				GCC_DYNAMIC_NO_PIC = NO;
				GCC_NO_COMMON_BLOCKS = YES;
				GCC_OPTIMIZATION_LEVEL = 0;
				GCC_PREPROCESSOR_DEFINITIONS = (
					"DEBUG=1",
					"$(inherited)",
				);
				GCC_WARN_64_TO_32_BIT_CONVERSION = YES;
				GCC_WARN_ABOUT_RETURN_TYPE = YES_ERROR;
				GCC_WARN_UNDECLARED_SELECTOR = YES;
				GCC_WARN_UNINITIALIZED_AUTOS = YES_AGGRESSIVE;
				GCC_WARN_UNUSED_FUNCTION = YES;
				GCC_WARN_UNUSED_VARIABLE = YES;
				IPHONEOS_DEPLOYMENT_TARGET = 15.4;
				MTL_ENABLE_DEBUG_INFO = INCLUDE_SOURCE;
				MTL_FAST_MATH = YES;
				ONLY_ACTIVE_ARCH = YES;
				SDKROOT = iphoneos;
				SWIFT_ACTIVE_COMPILATION_CONDITIONS = DEBUG;
				SWIFT_OPTIMIZATION_LEVEL = "-Onone";
			};
			name = Debug;
		};
		43801D2428BE633F001C2048 /* Release */ = {
			isa = XCBuildConfiguration;
			buildSettings = {
				ALWAYS_SEARCH_USER_PATHS = NO;
				CLANG_ANALYZER_NONNULL = YES;
				CLANG_ANALYZER_NUMBER_OBJECT_CONVERSION = YES_AGGRESSIVE;
				CLANG_CXX_LANGUAGE_STANDARD = "gnu++17";
				CLANG_ENABLE_MODULES = YES;
				CLANG_ENABLE_OBJC_ARC = YES;
				CLANG_ENABLE_OBJC_WEAK = YES;
				CLANG_WARN_BLOCK_CAPTURE_AUTORELEASING = YES;
				CLANG_WARN_BOOL_CONVERSION = YES;
				CLANG_WARN_COMMA = YES;
				CLANG_WARN_CONSTANT_CONVERSION = YES;
				CLANG_WARN_DEPRECATED_OBJC_IMPLEMENTATIONS = YES;
				CLANG_WARN_DIRECT_OBJC_ISA_USAGE = YES_ERROR;
				CLANG_WARN_DOCUMENTATION_COMMENTS = YES;
				CLANG_WARN_EMPTY_BODY = YES;
				CLANG_WARN_ENUM_CONVERSION = YES;
				CLANG_WARN_INFINITE_RECURSION = YES;
				CLANG_WARN_INT_CONVERSION = YES;
				CLANG_WARN_NON_LITERAL_NULL_CONVERSION = YES;
				CLANG_WARN_OBJC_IMPLICIT_RETAIN_SELF = YES;
				CLANG_WARN_OBJC_LITERAL_CONVERSION = YES;
				CLANG_WARN_OBJC_ROOT_CLASS = YES_ERROR;
				CLANG_WARN_QUOTED_INCLUDE_IN_FRAMEWORK_HEADER = YES;
				CLANG_WARN_RANGE_LOOP_ANALYSIS = YES;
				CLANG_WARN_STRICT_PROTOTYPES = YES;
				CLANG_WARN_SUSPICIOUS_MOVE = YES;
				CLANG_WARN_UNGUARDED_AVAILABILITY = YES_AGGRESSIVE;
				CLANG_WARN_UNREACHABLE_CODE = YES;
				CLANG_WARN__DUPLICATE_METHOD_MATCH = YES;
				COPY_PHASE_STRIP = NO;
				DEBUG_INFORMATION_FORMAT = "dwarf-with-dsym";
				ENABLE_NS_ASSERTIONS = NO;
				ENABLE_STRICT_OBJC_MSGSEND = YES;
				GCC_C_LANGUAGE_STANDARD = gnu11;
				GCC_NO_COMMON_BLOCKS = YES;
				GCC_WARN_64_TO_32_BIT_CONVERSION = YES;
				GCC_WARN_ABOUT_RETURN_TYPE = YES_ERROR;
				GCC_WARN_UNDECLARED_SELECTOR = YES;
				GCC_WARN_UNINITIALIZED_AUTOS = YES_AGGRESSIVE;
				GCC_WARN_UNUSED_FUNCTION = YES;
				GCC_WARN_UNUSED_VARIABLE = YES;
				IPHONEOS_DEPLOYMENT_TARGET = 15.4;
				MTL_ENABLE_DEBUG_INFO = NO;
				MTL_FAST_MATH = YES;
				SDKROOT = iphoneos;
				SWIFT_COMPILATION_MODE = wholemodule;
				SWIFT_OPTIMIZATION_LEVEL = "-O";
				VALIDATE_PRODUCT = YES;
			};
			name = Release;
		};
		43801D2628BE633F001C2048 /* Debug */ = {
			isa = XCBuildConfiguration;
			buildSettings = {
				ASSETCATALOG_COMPILER_APPICON_NAME = AppIcon;
				ASSETCATALOG_COMPILER_GLOBAL_ACCENT_COLOR_NAME = AccentColor;
				CODE_SIGN_STYLE = Automatic;
				CURRENT_PROJECT_VERSION = 1;
				DEVELOPMENT_ASSET_PATHS = "\"SwiftUIBamMiniPlayer/Preview Content\"";
				DEVELOPMENT_TEAM = LW3THBZ2Y7;
				ENABLE_PREVIEWS = YES;
				GENERATE_INFOPLIST_FILE = YES;
				INFOPLIST_KEY_UIApplicationSceneManifest_Generation = YES;
				INFOPLIST_KEY_UIApplicationSupportsIndirectInputEvents = YES;
				INFOPLIST_KEY_UILaunchScreen_Generation = YES;
				INFOPLIST_KEY_UISupportedInterfaceOrientations_iPad = "UIInterfaceOrientationPortrait UIInterfaceOrientationPortraitUpsideDown UIInterfaceOrientationLandscapeLeft UIInterfaceOrientationLandscapeRight";
				INFOPLIST_KEY_UISupportedInterfaceOrientations_iPhone = "UIInterfaceOrientationPortrait UIInterfaceOrientationLandscapeLeft UIInterfaceOrientationLandscapeRight";
				LD_RUNPATH_SEARCH_PATHS = (
					"$(inherited)",
					"@executable_path/Frameworks",
				);
				MARKETING_VERSION = 1.0;
				PRODUCT_BUNDLE_IDENTIFIER = com.studiokaori.SwiftUIBamMiniPlayer;
				PRODUCT_NAME = "$(TARGET_NAME)";
				SWIFT_EMIT_LOC_STRINGS = YES;
				SWIFT_VERSION = 5.0;
				TARGETED_DEVICE_FAMILY = "1,2";
			};
			name = Debug;
		};
		43801D2728BE633F001C2048 /* Release */ = {
			isa = XCBuildConfiguration;
			buildSettings = {
				ASSETCATALOG_COMPILER_APPICON_NAME = AppIcon;
				ASSETCATALOG_COMPILER_GLOBAL_ACCENT_COLOR_NAME = AccentColor;
				CODE_SIGN_STYLE = Automatic;
				CURRENT_PROJECT_VERSION = 1;
				DEVELOPMENT_ASSET_PATHS = "\"SwiftUIBamMiniPlayer/Preview Content\"";
				DEVELOPMENT_TEAM = LW3THBZ2Y7;
				ENABLE_PREVIEWS = YES;
				GENERATE_INFOPLIST_FILE = YES;
				INFOPLIST_KEY_UIApplicationSceneManifest_Generation = YES;
				INFOPLIST_KEY_UIApplicationSupportsIndirectInputEvents = YES;
				INFOPLIST_KEY_UILaunchScreen_Generation = YES;
				INFOPLIST_KEY_UISupportedInterfaceOrientations_iPad = "UIInterfaceOrientationPortrait UIInterfaceOrientationPortraitUpsideDown UIInterfaceOrientationLandscapeLeft UIInterfaceOrientationLandscapeRight";
				INFOPLIST_KEY_UISupportedInterfaceOrientations_iPhone = "UIInterfaceOrientationPortrait UIInterfaceOrientationLandscapeLeft UIInterfaceOrientationLandscapeRight";
				LD_RUNPATH_SEARCH_PATHS = (
					"$(inherited)",
					"@executable_path/Frameworks",
				);
				MARKETING_VERSION = 1.0;
				PRODUCT_BUNDLE_IDENTIFIER = com.studiokaori.SwiftUIBamMiniPlayer;
				PRODUCT_NAME = "$(TARGET_NAME)";
				SWIFT_EMIT_LOC_STRINGS = YES;
				SWIFT_VERSION = 5.0;
				TARGETED_DEVICE_FAMILY = "1,2";
			};
			name = Release;
		};
/* End XCBuildConfiguration section */

/* Begin XCConfigurationList section */
		43801D1228BE633D001C2048 /* Build configuration list for PBXProject "SwiftUIBamMiniPlayer" */ = {
			isa = XCConfigurationList;
			buildConfigurations = (
				43801D2328BE633F001C2048 /* Debug */,
				43801D2428BE633F001C2048 /* Release */,
			);
			defaultConfigurationIsVisible = 0;
			defaultConfigurationName = Release;
		};
		43801D2528BE633F001C2048 /* Build configuration list for PBXNativeTarget "SwiftUIBamMiniPlayer" */ = {
			isa = XCConfigurationList;
			buildConfigurations = (
				43801D2628BE633F001C2048 /* Debug */,
				43801D2728BE633F001C2048 /* Release */,
			);
			defaultConfigurationIsVisible = 0;
			defaultConfigurationName = Release;
		};
/* End XCConfigurationList section */
	};
	rootObject = 43801D0F28BE633D001C2048 /* Project object */;
}
